
Microsoft Visual Studio Solution File, Format Version 12.00
# Visual Studio Version 17
VisualStudioVersion = 17.6.33815.320
MinimumVisualStudioVersion = 10.0.40219.1
Project("{FAE04EC0-301F-11D3-BF4B-00C04F79EFBC}") = "Demo_App", "Demo_App\Demo_App.csproj", "{877CD13E-287D-4F84-B566-519561806CEE}"
EndProject
Global
	GlobalSection(SolutionConfigurationPlatforms) = preSolution
		Debug|Any CPU = Debug|Any CPU
		Release|Any CPU = Release|Any CPU
	EndGlobalSection
	GlobalSection(ProjectConfigurationPlatforms) = postSolution
		{877CD13E-287D-4F84-B566-519561806CEE}.Debug|Any CPU.ActiveCfg = Debug|Any CPU
		{877CD13E-287D-4F84-B566-519561806CEE}.Debug|Any CPU.Build.0 = Debug|Any CPU
		{877CD13E-287D-4F84-B566-519561806CEE}.Release|Any CPU.ActiveCfg = Release|Any CPU
		{877CD13E-287D-4F84-B566-519561806CEE}.Release|Any CPU.Build.0 = Release|Any CPU
	EndGlobalSection
	GlobalSection(SolutionProperties) = preSolution
		HideSolutionNode = FALSE
	EndGlobalSection
	GlobalSection(ExtensibilityGlobals) = postSolution
		SolutionGuid = {FCAE3E99-879C-493E-87EC-9626646EF2AC}
	EndGlobalSection
EndGlobal
